
Microsoft Visual Studio Solution File, Format Version 9.00
# Visual Studio 2005
Project("{E6FDF86B-F3D1-11D4-8576-0002A516ECE8}") = "ConsoleApplication1", "ConsoleApplication1\ConsoleApplication1.vjsproj", "{4BC002AA-E45D-46D3-B596-C2430A2B6973}"
EndProject
Global
	GlobalSection(SolutionConfigurationPlatforms) = preSolution
		Debug|x86 = Debug|x86
		Release|x86 = Release|x86
	EndGlobalSection
	GlobalSection(ProjectConfigurationPlatforms) = postSolution
		{4BC002AA-E45D-46D3-B596-C2430A2B6973}.Debug|x86.ActiveCfg = Debug|x86
		{4BC002AA-E45D-46D3-B596-C2430A2B6973}.Debug|x86.Build.0 = Debug|x86
		{4BC002AA-E45D-46D3-B596-C2430A2B6973}.Release|x86.ActiveCfg = Release|x86
		{4BC002AA-E45D-46D3-B596-C2430A2B6973}.Release|x86.Build.0 = Release|x86
	EndGlobalSection
	GlobalSection(SolutionProperties) = preSolution
		HideSolutionNode = FALSE
	EndGlobalSection
EndGlobal
